// !$*UTF8*$!
{
	archiveVersion = 1;
	classes = {
	};
	objectVersion = 50;
	objects = {

/* Begin PBXBuildFile section */
		12036A4321249E9C0082B7B3 /* LiveConverterViewController.swift in Sources */ = {isa = PBXBuildFile; fileRef = 12036A4221249E9C0082B7B3 /* LiveConverterViewController.swift */; };
		12036A4521249EAC0082B7B3 /* LiveConverterViewModel.swift in Sources */ = {isa = PBXBuildFile; fileRef = 12036A4421249EAC0082B7B3 /* LiveConverterViewModel.swift */; };
		1206B7742125E87D00A04507 /* CurrencySelectorViewController.swift in Sources */ = {isa = PBXBuildFile; fileRef = 1206B7732125E87D00A04507 /* CurrencySelectorViewController.swift */; };
		128FAE252124A1840005942B /* CurrencyConverter.framework in Frameworks */ = {isa = PBXBuildFile; fileRef = 128FAE242124A1840005942B /* CurrencyConverter.framework */; };
		128FAE262124A1840005942B /* CurrencyConverter.framework in Embed Frameworks */ = {isa = PBXBuildFile; fileRef = 128FAE242124A1840005942B /* CurrencyConverter.framework */; settings = {ATTRIBUTES = (CodeSignOnCopy, RemoveHeadersOnCopy, ); }; };
		128FAE292124A38D0005942B /* ConversionRateTableViewCell.swift in Sources */ = {isa = PBXBuildFile; fileRef = 128FAE282124A38D0005942B /* ConversionRateTableViewCell.swift */; };
		128FAE2B2124A4A40005942B /* AmountConversion.swift in Sources */ = {isa = PBXBuildFile; fileRef = 128FAE2A2124A4A40005942B /* AmountConversion.swift */; };
		12DA1C9D212844B000C203E3 /* CurrencyHistoryViewController.swift in Sources */ = {isa = PBXBuildFile; fileRef = 12DA1C9C212844B000C203E3 /* CurrencyHistoryViewController.swift */; };
		12E85B692123580D0053283C /* AppDelegate.swift in Sources */ = {isa = PBXBuildFile; fileRef = 12E85B682123580D0053283C /* AppDelegate.swift */; };
		12E85B6E2123580D0053283C /* Main.storyboard in Resources */ = {isa = PBXBuildFile; fileRef = 12E85B6C2123580D0053283C /* Main.storyboard */; };
		12E85B702123580E0053283C /* Assets.xcassets in Resources */ = {isa = PBXBuildFile; fileRef = 12E85B6F2123580E0053283C /* Assets.xcassets */; };
		12E85B732123580E0053283C /* LaunchScreen.storyboard in Resources */ = {isa = PBXBuildFile; fileRef = 12E85B712123580E0053283C /* LaunchScreen.storyboard */; };
		B43AEC9E3EDE916CA3BA01FA /* Pods_Rates.framework in Frameworks */ = {isa = PBXBuildFile; fileRef = BB04DFB5B210CCB486182776 /* Pods_Rates.framework */; };
/* End PBXBuildFile section */

/* Begin PBXCopyFilesBuildPhase section */
		128FAE272124A1840005942B /* Embed Frameworks */ = {
			isa = PBXCopyFilesBuildPhase;
			buildActionMask = 2147483647;
			dstPath = "";
			dstSubfolderSpec = 10;
			files = (
				128FAE262124A1840005942B /* CurrencyConverter.framework in Embed Frameworks */,
			);
			name = "Embed Frameworks";
			runOnlyForDeploymentPostprocessing = 0;
		};
/* End PBXCopyFilesBuildPhase section */

/* Begin PBXFileReference section */
		12036A4221249E9C0082B7B3 /* LiveConverterViewController.swift */ = {isa = PBXFileReference; lastKnownFileType = sourcecode.swift; path = LiveConverterViewController.swift; sourceTree = "<group>"; };
		12036A4421249EAC0082B7B3 /* LiveConverterViewModel.swift */ = {isa = PBXFileReference; lastKnownFileType = sourcecode.swift; path = LiveConverterViewModel.swift; sourceTree = "<group>"; };
		1206B7732125E87D00A04507 /* CurrencySelectorViewController.swift */ = {isa = PBXFileReference; lastKnownFileType = sourcecode.swift; path = CurrencySelectorViewController.swift; sourceTree = "<group>"; };
		128FAE242124A1840005942B /* CurrencyConverter.framework */ = {isa = PBXFileReference; explicitFileType = wrapper.framework; path = CurrencyConverter.framework; sourceTree = BUILT_PRODUCTS_DIR; };
		128FAE282124A38D0005942B /* ConversionRateTableViewCell.swift */ = {isa = PBXFileReference; lastKnownFileType = sourcecode.swift; path = ConversionRateTableViewCell.swift; sourceTree = "<group>"; };
		128FAE2A2124A4A40005942B /* AmountConversion.swift */ = {isa = PBXFileReference; lastKnownFileType = sourcecode.swift; path = AmountConversion.swift; sourceTree = "<group>"; };
		12DA1C9C212844B000C203E3 /* CurrencyHistoryViewController.swift */ = {isa = PBXFileReference; lastKnownFileType = sourcecode.swift; path = CurrencyHistoryViewController.swift; sourceTree = "<group>"; };
		12E85B652123580D0053283C /* Rates.app */ = {isa = PBXFileReference; explicitFileType = wrapper.application; includeInIndex = 0; path = Rates.app; sourceTree = BUILT_PRODUCTS_DIR; };
		12E85B682123580D0053283C /* AppDelegate.swift */ = {isa = PBXFileReference; lastKnownFileType = sourcecode.swift; path = AppDelegate.swift; sourceTree = "<group>"; };
		12E85B6D2123580D0053283C /* Base */ = {isa = PBXFileReference; lastKnownFileType = file.storyboard; name = Base; path = Base.lproj/Main.storyboard; sourceTree = "<group>"; };
		12E85B6F2123580E0053283C /* Assets.xcassets */ = {isa = PBXFileReference; lastKnownFileType = folder.assetcatalog; path = Assets.xcassets; sourceTree = "<group>"; };
		12E85B722123580E0053283C /* Base */ = {isa = PBXFileReference; lastKnownFileType = file.storyboard; name = Base; path = Base.lproj/LaunchScreen.storyboard; sourceTree = "<group>"; };
		12E85B742123580E0053283C /* Info.plist */ = {isa = PBXFileReference; lastKnownFileType = text.plist.xml; path = Info.plist; sourceTree = "<group>"; };
		7F8C93BA42A49DA3723E4084 /* Pods-Rates.debug.xcconfig */ = {isa = PBXFileReference; includeInIndex = 1; lastKnownFileType = text.xcconfig; name = "Pods-Rates.debug.xcconfig"; path = "../Pods/Target Support Files/Pods-Rates/Pods-Rates.debug.xcconfig"; sourceTree = "<group>"; };
		9538D5CCC55FB6E1B0C7931D /* Pods-Rates.release.xcconfig */ = {isa = PBXFileReference; includeInIndex = 1; lastKnownFileType = text.xcconfig; name = "Pods-Rates.release.xcconfig"; path = "../Pods/Target Support Files/Pods-Rates/Pods-Rates.release.xcconfig"; sourceTree = "<group>"; };
		BB04DFB5B210CCB486182776 /* Pods_Rates.framework */ = {isa = PBXFileReference; explicitFileType = wrapper.framework; includeInIndex = 0; path = Pods_Rates.framework; sourceTree = BUILT_PRODUCTS_DIR; };
/* End PBXFileReference section */

/* Begin PBXFrameworksBuildPhase section */
		12E85B622123580D0053283C /* Frameworks */ = {
			isa = PBXFrameworksBuildPhase;
			buildActionMask = 2147483647;
			files = (
				128FAE252124A1840005942B /* CurrencyConverter.framework in Frameworks */,
				B43AEC9E3EDE916CA3BA01FA /* Pods_Rates.framework in Frameworks */,
			);
			runOnlyForDeploymentPostprocessing = 0;
		};
/* End PBXFrameworksBuildPhase section */

/* Begin PBXGroup section */
		12036A3C21248BDA0082B7B3 /* HistoricalRates */ = {
			isa = PBXGroup;
			children = (
			);
			path = HistoricalRates;
			sourceTree = "<group>";
		};
		12036A4021249E700082B7B3 /* LiveConverter */ = {
			isa = PBXGroup;
			children = (
				128FAE2A2124A4A40005942B /* AmountConversion.swift */,
				12036A4221249E9C0082B7B3 /* LiveConverterViewController.swift */,
				12036A4421249EAC0082B7B3 /* LiveConverterViewModel.swift */,
				128FAE282124A38D0005942B /* ConversionRateTableViewCell.swift */,
			);
			path = LiveConverter;
			sourceTree = "<group>";
		};
		12036A4121249E7C0082B7B3 /* CurrencySelector */ = {
			isa = PBXGroup;
			children = (
				1206B7732125E87D00A04507 /* CurrencySelectorViewController.swift */,
			);
			path = CurrencySelector;
			sourceTree = "<group>";
		};
		12DA1C9B2128446000C203E3 /* Histroy */ = {
			isa = PBXGroup;
			children = (
				12DA1C9C212844B000C203E3 /* CurrencyHistoryViewController.swift */,
			);
			path = Histroy;
			sourceTree = "<group>";
		};
		12E85B5C2123580D0053283C = {
			isa = PBXGroup;
			children = (
				128FAE242124A1840005942B /* CurrencyConverter.framework */,
				12E85B672123580D0053283C /* Rates */,
				12E85B662123580D0053283C /* Products */,
				BD835579D6341C4F269ED97E /* Pods */,
				90F3EC3652F46057DC51FD4E /* Frameworks */,
			);
			sourceTree = "<group>";
		};
		12E85B662123580D0053283C /* Products */ = {
			isa = PBXGroup;
			children = (
				12E85B652123580D0053283C /* Rates.app */,
			);
			name = Products;
			sourceTree = "<group>";
		};
		12E85B672123580D0053283C /* Rates */ = {
			isa = PBXGroup;
			children = (
				12DA1C9B2128446000C203E3 /* Histroy */,
				12036A4121249E7C0082B7B3 /* CurrencySelector */,
				12036A4021249E700082B7B3 /* LiveConverter */,
				12036A3C21248BDA0082B7B3 /* HistoricalRates */,
				12E85B682123580D0053283C /* AppDelegate.swift */,
				12E85B6C2123580D0053283C /* Main.storyboard */,
				12E85B6F2123580E0053283C /* Assets.xcassets */,
				12E85B712123580E0053283C /* LaunchScreen.storyboard */,
				12E85B742123580E0053283C /* Info.plist */,
			);
			path = Rates;
			sourceTree = "<group>";
		};
		90F3EC3652F46057DC51FD4E /* Frameworks */ = {
			isa = PBXGroup;
			children = (
				BB04DFB5B210CCB486182776 /* Pods_Rates.framework */,
			);
			name = Frameworks;
			sourceTree = "<group>";
		};
		BD835579D6341C4F269ED97E /* Pods */ = {
			isa = PBXGroup;
			children = (
				7F8C93BA42A49DA3723E4084 /* Pods-Rates.debug.xcconfig */,
				9538D5CCC55FB6E1B0C7931D /* Pods-Rates.release.xcconfig */,
			);
			name = Pods;
			sourceTree = "<group>";
		};
/* End PBXGroup section */

/* Begin PBXNativeTarget section */
		12E85B642123580D0053283C /* Rates */ = {
			isa = PBXNativeTarget;
			buildConfigurationList = 12E85B772123580E0053283C /* Build configuration list for PBXNativeTarget "Rates" */;
			buildPhases = (
				F1DF2D04A2B996DC5F3D76C2 /* [CP] Check Pods Manifest.lock */,
				12E85B612123580D0053283C /* Sources */,
				12E85B622123580D0053283C /* Frameworks */,
				12E85B632123580D0053283C /* Resources */,
				128FAE272124A1840005942B /* Embed Frameworks */,
				434C1EE36EC278299F20BD2D /* [CP] Embed Pods Frameworks */,
			);
			buildRules = (
			);
			dependencies = (
			);
			name = Rates;
			productName = Rates;
			productReference = 12E85B652123580D0053283C /* Rates.app */;
			productType = "com.apple.product-type.application";
		};
/* End PBXNativeTarget section */

/* Begin PBXProject section */
		12E85B5D2123580D0053283C /* Project object */ = {
			isa = PBXProject;
			attributes = {
				LastSwiftUpdateCheck = 0940;
				LastUpgradeCheck = 0940;
				ORGANIZATIONNAME = "Adam Borbas";
				TargetAttributes = {
					12E85B642123580D0053283C = {
						CreatedOnToolsVersion = 9.4.1;
					};
				};
			};
			buildConfigurationList = 12E85B602123580D0053283C /* Build configuration list for PBXProject "Rates" */;
			compatibilityVersion = "Xcode 9.3";
			developmentRegion = en;
			hasScannedForEncodings = 0;
			knownRegions = (
				en,
				Base,
			);
			mainGroup = 12E85B5C2123580D0053283C;
			productRefGroup = 12E85B662123580D0053283C /* Products */;
			projectDirPath = "";
			projectRoot = "";
			targets = (
				12E85B642123580D0053283C /* Rates */,
			);
		};
/* End PBXProject section */

/* Begin PBXResourcesBuildPhase section */
		12E85B632123580D0053283C /* Resources */ = {
			isa = PBXResourcesBuildPhase;
			buildActionMask = 2147483647;
			files = (
				12E85B732123580E0053283C /* LaunchScreen.storyboard in Resources */,
				12E85B702123580E0053283C /* Assets.xcassets in Resources */,
				12E85B6E2123580D0053283C /* Main.storyboard in Resources */,
			);
			runOnlyForDeploymentPostprocessing = 0;
		};
/* End PBXResourcesBuildPhase section */

/* Begin PBXShellScriptBuildPhase section */
		434C1EE36EC278299F20BD2D /* [CP] Embed Pods Frameworks */ = {
			isa = PBXShellScriptBuildPhase;
			buildActionMask = 2147483647;
			files = (
			);
			inputPaths = (
				"${SRCROOT}/../Pods/Target Support Files/Pods-Rates/Pods-Rates-frameworks.sh",
				"${BUILT_PRODUCTS_DIR}/Alamofire/Alamofire.framework",
			);
			name = "[CP] Embed Pods Frameworks";
			outputPaths = (
				"${TARGET_BUILD_DIR}/${FRAMEWORKS_FOLDER_PATH}/Alamofire.framework",
			);
			runOnlyForDeploymentPostprocessing = 0;
			shellPath = /bin/sh;
			shellScript = "\"${SRCROOT}/../Pods/Target Support Files/Pods-Rates/Pods-Rates-frameworks.sh\"\n";
			showEnvVarsInLog = 0;
		};
		F1DF2D04A2B996DC5F3D76C2 /* [CP] Check Pods Manifest.lock */ = {
			isa = PBXShellScriptBuildPhase;
			buildActionMask = 2147483647;
			files = (
			);
			inputPaths = (
				"${PODS_PODFILE_DIR_PATH}/Podfile.lock",
				"${PODS_ROOT}/Manifest.lock",
			);
			name = "[CP] Check Pods Manifest.lock";
			outputPaths = (
				"$(DERIVED_FILE_DIR)/Pods-Rates-checkManifestLockResult.txt",
			);
			runOnlyForDeploymentPostprocessing = 0;
			shellPath = /bin/sh;
			shellScript = "diff \"${PODS_PODFILE_DIR_PATH}/Podfile.lock\" \"${PODS_ROOT}/Manifest.lock\" > /dev/null\nif [ $? != 0 ] ; then\n    # print error to STDERR\n    echo \"error: The sandbox is not in sync with the Podfile.lock. Run 'pod install' or update your CocoaPods installation.\" >&2\n    exit 1\nfi\n# This output is used by Xcode 'outputs' to avoid re-running this script phase.\necho \"SUCCESS\" > \"${SCRIPT_OUTPUT_FILE_0}\"\n";
			showEnvVarsInLog = 0;
		};
/* End PBXShellScriptBuildPhase section */

/* Begin PBXSourcesBuildPhase section */
		12E85B612123580D0053283C /* Sources */ = {
			isa = PBXSourcesBuildPhase;
			buildActionMask = 2147483647;
			files = (
				128FAE2B2124A4A40005942B /* AmountConversion.swift in Sources */,
				12E85B692123580D0053283C /* AppDelegate.swift in Sources */,
				12DA1C9D212844B000C203E3 /* CurrencyHistoryViewController.swift in Sources */,
				1206B7742125E87D00A04507 /* CurrencySelectorViewController.swift in Sources */,
				12036A4521249EAC0082B7B3 /* LiveConverterViewModel.swift in Sources */,
				128FAE292124A38D0005942B /* ConversionRateTableViewCell.swift in Sources */,
				12036A4321249E9C0082B7B3 /* LiveConverterViewController.swift in Sources */,
			);
			runOnlyForDeploymentPostprocessing = 0;
		};
/* End PBXSourcesBuildPhase section */

/* Begin PBXVariantGroup section */
		12E85B6C2123580D0053283C /* Main.storyboard */ = {
			isa = PBXVariantGroup;
			children = (
				12E85B6D2123580D0053283C /* Base */,
			);
			name = Main.storyboard;
			sourceTree = "<group>";
		};
		12E85B712123580E0053283C /* LaunchScreen.storyboard */ = {
			isa = PBXVariantGroup;
			children = (
				12E85B722123580E0053283C /* Base */,
			);
			name = LaunchScreen.storyboard;
			sourceTree = "<group>";
		};
/* End PBXVariantGroup section */

/* Begin XCBuildConfiguration section */
		12E85B752123580E0053283C /* Debug */ = {
			isa = XCBuildConfiguration;
			buildSettings = {
				ALWAYS_SEARCH_USER_PATHS = NO;
				CLANG_ANALYZER_NONNULL = YES;
				CLANG_ANALYZER_NUMBER_OBJECT_CONVERSION = YES_AGGRESSIVE;
				CLANG_CXX_LANGUAGE_STANDARD = "gnu++14";
				CLANG_CXX_LIBRARY = "libc++";
				CLANG_ENABLE_MODULES = YES;
				CLANG_ENABLE_OBJC_ARC = YES;
				CLANG_ENABLE_OBJC_WEAK = YES;
				CLANG_WARN_BLOCK_CAPTURE_AUTORELEASING = YES;
				CLANG_WARN_BOOL_CONVERSION = YES;
				CLANG_WARN_COMMA = YES;
				CLANG_WARN_CONSTANT_CONVERSION = YES;
				CLANG_WARN_DEPRECATED_OBJC_IMPLEMENTATIONS = YES;
				CLANG_WARN_DIRECT_OBJC_ISA_USAGE = YES_ERROR;
				CLANG_WARN_DOCUMENTATION_COMMENTS = YES;
				CLANG_WARN_EMPTY_BODY = YES;
				CLANG_WARN_ENUM_CONVERSION = YES;
				CLANG_WARN_INFINITE_RECURSION = YES;
				CLANG_WARN_INT_CONVERSION = YES;
				CLANG_WARN_NON_LITERAL_NULL_CONVERSION = YES;
				CLANG_WARN_OBJC_IMPLICIT_RETAIN_SELF = YES;
				CLANG_WARN_OBJC_LITERAL_CONVERSION = YES;
				CLANG_WARN_OBJC_ROOT_CLASS = YES_ERROR;
				CLANG_WARN_RANGE_LOOP_ANALYSIS = YES;
				CLANG_WARN_STRICT_PROTOTYPES = YES;
				CLANG_WARN_SUSPICIOUS_MOVE = YES;
				CLANG_WARN_UNGUARDED_AVAILABILITY = YES_AGGRESSIVE;
				CLANG_WARN_UNREACHABLE_CODE = YES;
				CLANG_WARN__DUPLICATE_METHOD_MATCH = YES;
				CODE_SIGN_IDENTITY = "iPhone Developer";
				COPY_PHASE_STRIP = NO;
				DEBUG_INFORMATION_FORMAT = dwarf;
				ENABLE_STRICT_OBJC_MSGSEND = YES;
				ENABLE_TESTABILITY = YES;
				GCC_C_LANGUAGE_STANDARD = gnu11;
				GCC_DYNAMIC_NO_PIC = NO;
				GCC_NO_COMMON_BLOCKS = YES;
				GCC_OPTIMIZATION_LEVEL = 0;
				GCC_PREPROCESSOR_DEFINITIONS = (
					"DEBUG=1",
					"$(inherited)",
				);
				GCC_WARN_64_TO_32_BIT_CONVERSION = YES;
				GCC_WARN_ABOUT_RETURN_TYPE = YES_ERROR;
				GCC_WARN_UNDECLARED_SELECTOR = YES;
				GCC_WARN_UNINITIALIZED_AUTOS = YES_AGGRESSIVE;
				GCC_WARN_UNUSED_FUNCTION = YES;
				GCC_WARN_UNUSED_VARIABLE = YES;
				IPHONEOS_DEPLOYMENT_TARGET = 11.4;
				MTL_ENABLE_DEBUG_INFO = YES;
				ONLY_ACTIVE_ARCH = YES;
				SDKROOT = iphoneos;
				SWIFT_ACTIVE_COMPILATION_CONDITIONS = DEBUG;
				SWIFT_OPTIMIZATION_LEVEL = "-Onone";
			};
			name = Debug;
		};
		12E85B762123580E0053283C /* Release */ = {
			isa = XCBuildConfiguration;
			buildSettings = {
				ALWAYS_SEARCH_USER_PATHS = NO;
				CLANG_ANALYZER_NONNULL = YES;
				CLANG_ANALYZER_NUMBER_OBJECT_CONVERSION = YES_AGGRESSIVE;
				CLANG_CXX_LANGUAGE_STANDARD = "gnu++14";
				CLANG_CXX_LIBRARY = "libc++";
				CLANG_ENABLE_MODULES = YES;
				CLANG_ENABLE_OBJC_ARC = YES;
				CLANG_ENABLE_OBJC_WEAK = YES;
				CLANG_WARN_BLOCK_CAPTURE_AUTORELEASING = YES;
				CLANG_WARN_BOOL_CONVERSION = YES;
				CLANG_WARN_COMMA = YES;
				CLANG_WARN_CONSTANT_CONVERSION = YES;
				CLANG_WARN_DEPRECATED_OBJC_IMPLEMENTATIONS = YES;
				CLANG_WARN_DIRECT_OBJC_ISA_USAGE = YES_ERROR;
				CLANG_WARN_DOCUMENTATION_COMMENTS = YES;
				CLANG_WARN_EMPTY_BODY = YES;
				CLANG_WARN_ENUM_CONVERSION = YES;
				CLANG_WARN_INFINITE_RECURSION = YES;
				CLANG_WARN_INT_CONVERSION = YES;
				CLANG_WARN_NON_LITERAL_NULL_CONVERSION = YES;
				CLANG_WARN_OBJC_IMPLICIT_RETAIN_SELF = YES;
				CLANG_WARN_OBJC_LITERAL_CONVERSION = YES;
				CLANG_WARN_OBJC_ROOT_CLASS = YES_ERROR;
				CLANG_WARN_RANGE_LOOP_ANALYSIS = YES;
				CLANG_WARN_STRICT_PROTOTYPES = YES;
				CLANG_WARN_SUSPICIOUS_MOVE = YES;
				CLANG_WARN_UNGUARDED_AVAILABILITY = YES_AGGRESSIVE;
				CLANG_WARN_UNREACHABLE_CODE = YES;
				CLANG_WARN__DUPLICATE_METHOD_MATCH = YES;
				CODE_SIGN_IDENTITY = "iPhone Developer";
				COPY_PHASE_STRIP = NO;
				DEBUG_INFORMATION_FORMAT = "dwarf-with-dsym";
				ENABLE_NS_ASSERTIONS = NO;
				ENABLE_STRICT_OBJC_MSGSEND = YES;
				GCC_C_LANGUAGE_STANDARD = gnu11;
				GCC_NO_COMMON_BLOCKS = YES;
				GCC_WARN_64_TO_32_BIT_CONVERSION = YES;
				GCC_WARN_ABOUT_RETURN_TYPE = YES_ERROR;
				GCC_WARN_UNDECLARED_SELECTOR = YES;
				GCC_WARN_UNINITIALIZED_AUTOS = YES_AGGRESSIVE;
				GCC_WARN_UNUSED_FUNCTION = YES;
				GCC_WARN_UNUSED_VARIABLE = YES;
				IPHONEOS_DEPLOYMENT_TARGET = 11.4;
				MTL_ENABLE_DEBUG_INFO = NO;
				SDKROOT = iphoneos;
				SWIFT_COMPILATION_MODE = wholemodule;
				SWIFT_OPTIMIZATION_LEVEL = "-O";
				VALIDATE_PRODUCT = YES;
			};
			name = Release;
		};
		12E85B782123580E0053283C /* Debug */ = {
			isa = XCBuildConfiguration;
			baseConfigurationReference = 7F8C93BA42A49DA3723E4084 /* Pods-Rates.debug.xcconfig */;
			buildSettings = {
				ASSETCATALOG_COMPILER_APPICON_NAME = AppIcon;
				CODE_SIGN_STYLE = Automatic;
				DEVELOPMENT_TEAM = RAUN9VP28Y;
				INFOPLIST_FILE = Rates/Info.plist;
				LD_RUNPATH_SEARCH_PATHS = (
					"$(inherited)",
					"@executable_path/Frameworks",
				);
				PRODUCT_BUNDLE_IDENTIFIER = com.adborbas.Rates;
				PRODUCT_NAME = "$(TARGET_NAME)";
				SWIFT_VERSION = 4.0;
				TARGETED_DEVICE_FAMILY = "1,2";
			};
			name = Debug;
		};
		12E85B792123580E0053283C /* Release */ = {
			isa = XCBuildConfiguration;
			baseConfigurationReference = 9538D5CCC55FB6E1B0C7931D /* Pods-Rates.release.xcconfig */;
			buildSettings = {
				ASSETCATALOG_COMPILER_APPICON_NAME = AppIcon;
				CODE_SIGN_STYLE = Automatic;
				DEVELOPMENT_TEAM = RAUN9VP28Y;
				INFOPLIST_FILE = Rates/Info.plist;
				LD_RUNPATH_SEARCH_PATHS = (
					"$(inherited)",
					"@executable_path/Frameworks",
				);
				PRODUCT_BUNDLE_IDENTIFIER = com.adborbas.Rates;
				PRODUCT_NAME = "$(TARGET_NAME)";
				SWIFT_VERSION = 4.0;
				TARGETED_DEVICE_FAMILY = "1,2";
			};
			name = Release;
		};
/* End XCBuildConfiguration section */

/* Begin XCConfigurationList section */
		12E85B602123580D0053283C /* Build configuration list for PBXProject "Rates" */ = {
			isa = XCConfigurationList;
			buildConfigurations = (
				12E85B752123580E0053283C /* Debug */,
				12E85B762123580E0053283C /* Release */,
			);
			defaultConfigurationIsVisible = 0;
			defaultConfigurationName = Release;
		};
		12E85B772123580E0053283C /* Build configuration list for PBXNativeTarget "Rates" */ = {
			isa = XCConfigurationList;
			buildConfigurations = (
				12E85B782123580E0053283C /* Debug */,
				12E85B792123580E0053283C /* Release */,
			);
			defaultConfigurationIsVisible = 0;
			defaultConfigurationName = Release;
		};
/* End XCConfigurationList section */
	};
	rootObject = 12E85B5D2123580D0053283C /* Project object */;
}
